// !$*UTF8*$!
{
	archiveVersion = 1;
	classes = {
	};
	objectVersion = 56;
	objects = {

/* Begin PBXBuildFile section */
		9D8F0FDD2B804A2F00426CC3 /* CalendarView.swift in Sources */ = {isa = PBXBuildFile; fileRef = 9D8F0FDC2B804A2F00426CC3 /* CalendarView.swift */; };
		9D8F0FDF2B8050B800426CC3 /* DaysEventsListView.swift in Sources */ = {isa = PBXBuildFile; fileRef = 9D8F0FDE2B8050B800426CC3 /* DaysEventsListView.swift */; };
		9D8F0FE12B80697900426CC3 /* EventStoreExtensions.swift in Sources */ = {isa = PBXBuildFile; fileRef = 9D8F0FE02B80697900426CC3 /* EventStoreExtensions.swift */; };
		9DBBC7B92B7F0CF400F1B7CD /* CalenderExampleApp.swift in Sources */ = {isa = PBXBuildFile; fileRef = 9DBBC7B82B7F0CF400F1B7CD /* CalenderExampleApp.swift */; };
		9DBBC7BB2B7F0CF400F1B7CD /* ContentView.swift in Sources */ = {isa = PBXBuildFile; fileRef = 9DBBC7BA2B7F0CF400F1B7CD /* ContentView.swift */; };
		9DBBC7BD2B7F0CF500F1B7CD /* Assets.xcassets in Resources */ = {isa = PBXBuildFile; fileRef = 9DBBC7BC2B7F0CF500F1B7CD /* Assets.xcassets */; };
		9DBBC7C02B7F0CF500F1B7CD /* Preview Assets.xcassets in Resources */ = {isa = PBXBuildFile; fileRef = 9DBBC7BF2B7F0CF500F1B7CD /* Preview Assets.xcassets */; };
		9DBBC7CA2B7F0DED00F1B7CD /* EventStore.swift in Sources */ = {isa = PBXBuildFile; fileRef = 9DBBC7C92B7F0DED00F1B7CD /* EventStore.swift */; };
		9DBBC7CE2B7F14C200F1B7CD /* EventsListView.swift in Sources */ = {isa = PBXBuildFile; fileRef = 9DBBC7CD2B7F14C200F1B7CD /* EventsListView.swift */; };
		9DBBC7D12B7F154D00F1B7CD /* EventsCalendarView.swift in Sources */ = {isa = PBXBuildFile; fileRef = 9DBBC7D02B7F154D00F1B7CD /* EventsCalendarView.swift */; };
		9DBBC7D42B7F15D200F1B7CD /* EventFormType.swift in Sources */ = {isa = PBXBuildFile; fileRef = 9DBBC7D32B7F15D200F1B7CD /* EventFormType.swift */; };
		9DBBC7D62B7F15E700F1B7CD /* EventFormViewModel.swift in Sources */ = {isa = PBXBuildFile; fileRef = 9DBBC7D52B7F15E700F1B7CD /* EventFormViewModel.swift */; };
		9DBBC7D82B7F162300F1B7CD /* EventFormView.swift in Sources */ = {isa = PBXBuildFile; fileRef = 9DBBC7D72B7F162300F1B7CD /* EventFormView.swift */; };
/* End PBXBuildFile section */

/* Begin PBXFileReference section */
		9D8F0FDC2B804A2F00426CC3 /* CalendarView.swift */ = {isa = PBXFileReference; lastKnownFileType = sourcecode.swift; path = CalendarView.swift; sourceTree = "<group>"; };
		9D8F0FDE2B8050B800426CC3 /* DaysEventsListView.swift */ = {isa = PBXFileReference; lastKnownFileType = sourcecode.swift; path = DaysEventsListView.swift; sourceTree = "<group>"; };
		9D8F0FE02B80697900426CC3 /* EventStoreExtensions.swift */ = {isa = PBXFileReference; lastKnownFileType = sourcecode.swift; path = EventStoreExtensions.swift; sourceTree = "<group>"; };
		9DBBC7B52B7F0CF400F1B7CD /* CalenderExample.app */ = {isa = PBXFileReference; explicitFileType = wrapper.application; includeInIndex = 0; path = CalenderExample.app; sourceTree = BUILT_PRODUCTS_DIR; };
		9DBBC7B82B7F0CF400F1B7CD /* CalenderExampleApp.swift */ = {isa = PBXFileReference; lastKnownFileType = sourcecode.swift; path = CalenderExampleApp.swift; sourceTree = "<group>"; };
		9DBBC7BA2B7F0CF400F1B7CD /* ContentView.swift */ = {isa = PBXFileReference; lastKnownFileType = sourcecode.swift; path = ContentView.swift; sourceTree = "<group>"; };
		9DBBC7BC2B7F0CF500F1B7CD /* Assets.xcassets */ = {isa = PBXFileReference; lastKnownFileType = folder.assetcatalog; path = Assets.xcassets; sourceTree = "<group>"; };
		9DBBC7BF2B7F0CF500F1B7CD /* Preview Assets.xcassets */ = {isa = PBXFileReference; lastKnownFileType = folder.assetcatalog; path = "Preview Assets.xcassets"; sourceTree = "<group>"; };
		9DBBC7C92B7F0DED00F1B7CD /* EventStore.swift */ = {isa = PBXFileReference; lastKnownFileType = sourcecode.swift; path = EventStore.swift; sourceTree = "<group>"; };
		9DBBC7CD2B7F14C200F1B7CD /* EventsListView.swift */ = {isa = PBXFileReference; lastKnownFileType = sourcecode.swift; path = EventsListView.swift; sourceTree = "<group>"; };
		9DBBC7D02B7F154D00F1B7CD /* EventsCalendarView.swift */ = {isa = PBXFileReference; lastKnownFileType = sourcecode.swift; path = EventsCalendarView.swift; sourceTree = "<group>"; };
		9DBBC7D32B7F15D200F1B7CD /* EventFormType.swift */ = {isa = PBXFileReference; lastKnownFileType = sourcecode.swift; path = EventFormType.swift; sourceTree = "<group>"; };
		9DBBC7D52B7F15E700F1B7CD /* EventFormViewModel.swift */ = {isa = PBXFileReference; lastKnownFileType = sourcecode.swift; path = EventFormViewModel.swift; sourceTree = "<group>"; };
		9DBBC7D72B7F162300F1B7CD /* EventFormView.swift */ = {isa = PBXFileReference; lastKnownFileType = sourcecode.swift; path = EventFormView.swift; sourceTree = "<group>"; };
/* End PBXFileReference section */

/* Begin PBXFrameworksBuildPhase section */
		9DBBC7B22B7F0CF400F1B7CD /* Frameworks */ = {
			isa = PBXFrameworksBuildPhase;
			buildActionMask = 2147483647;
			files = (
			);
			runOnlyForDeploymentPostprocessing = 0;
		};
/* End PBXFrameworksBuildPhase section */

/* Begin PBXGroup section */
		9DBBC7AC2B7F0CF400F1B7CD = {
			isa = PBXGroup;
			children = (
				9DBBC7B72B7F0CF400F1B7CD /* CalenderExample */,
				9DBBC7B62B7F0CF400F1B7CD /* Products */,
			);
			sourceTree = "<group>";
		};
		9DBBC7B62B7F0CF400F1B7CD /* Products */ = {
			isa = PBXGroup;
			children = (
				9DBBC7B52B7F0CF400F1B7CD /* CalenderExample.app */,
			);
			name = Products;
			sourceTree = "<group>";
		};
		9DBBC7B72B7F0CF400F1B7CD /* CalenderExample */ = {
			isa = PBXGroup;
			children = (
				9DBBC7C62B7F0D0C00F1B7CD /* MainResources */,
				9DBBC7C72B7F0D2E00F1B7CD /* Sources */,
			);
			path = CalenderExample;
			sourceTree = "<group>";
		};
		9DBBC7BE2B7F0CF500F1B7CD /* Preview Content */ = {
			isa = PBXGroup;
			children = (
				9DBBC7BF2B7F0CF500F1B7CD /* Preview Assets.xcassets */,
			);
			path = "Preview Content";
			sourceTree = "<group>";
		};
		9DBBC7C62B7F0D0C00F1B7CD /* MainResources */ = {
			isa = PBXGroup;
			children = (
				9DBBC7B82B7F0CF400F1B7CD /* CalenderExampleApp.swift */,
				9DBBC7BC2B7F0CF500F1B7CD /* Assets.xcassets */,
				9DBBC7BE2B7F0CF500F1B7CD /* Preview Content */,
			);
			path = MainResources;
			sourceTree = "<group>";
		};
		9DBBC7C72B7F0D2E00F1B7CD /* Sources */ = {
			isa = PBXGroup;
			children = (
				9DBBC7C82B7F0DE100F1B7CD /* Model */,
				9DBBC7CB2B7F149C00F1B7CD /* Tabs */,
				9DBBC7BA2B7F0CF400F1B7CD /* ContentView.swift */,
			);
			path = Sources;
			sourceTree = "<group>";
		};
		9DBBC7C82B7F0DE100F1B7CD /* Model */ = {
			isa = PBXGroup;
			children = (
				9DBBC7C92B7F0DED00F1B7CD /* EventStore.swift */,
				9D8F0FE02B80697900426CC3 /* EventStoreExtensions.swift */,
			);
			path = Model;
			sourceTree = "<group>";
		};
		9DBBC7CB2B7F149C00F1B7CD /* Tabs */ = {
			isa = PBXGroup;
			children = (
				9DBBC7CF2B7F152E00F1B7CD /* Calendar */,
				9DBBC7CC2B7F14A700F1B7CD /* ListTab */,
				9DBBC7D22B7F15B200F1B7CD /* EditView */,
			);
			path = Tabs;
			sourceTree = "<group>";
		};
		9DBBC7CC2B7F14A700F1B7CD /* ListTab */ = {
			isa = PBXGroup;
			children = (
				9DBBC7CD2B7F14C200F1B7CD /* EventsListView.swift */,
			);
			path = ListTab;
			sourceTree = "<group>";
		};
		9DBBC7CF2B7F152E00F1B7CD /* Calendar */ = {
			isa = PBXGroup;
			children = (
				9DBBC7D02B7F154D00F1B7CD /* EventsCalendarView.swift */,
				9D8F0FDC2B804A2F00426CC3 /* CalendarView.swift */,
				9D8F0FDE2B8050B800426CC3 /* DaysEventsListView.swift */,
			);
			path = Calendar;
			sourceTree = "<group>";
		};
		9DBBC7D22B7F15B200F1B7CD /* EditView */ = {
			isa = PBXGroup;
			children = (
				9DBBC7D32B7F15D200F1B7CD /* EventFormType.swift */,
				9DBBC7D52B7F15E700F1B7CD /* EventFormViewModel.swift */,
				9DBBC7D72B7F162300F1B7CD /* EventFormView.swift */,
			);
			path = EditView;
			sourceTree = "<group>";
		};
/* End PBXGroup section */

/* Begin PBXNativeTarget section */
		9DBBC7B42B7F0CF400F1B7CD /* CalenderExample */ = {
			isa = PBXNativeTarget;
			buildConfigurationList = 9DBBC7C32B7F0CF500F1B7CD /* Build configuration list for PBXNativeTarget "CalenderExample" */;
			buildPhases = (
				9DBBC7B12B7F0CF400F1B7CD /* Sources */,
				9DBBC7B22B7F0CF400F1B7CD /* Frameworks */,
				9DBBC7B32B7F0CF400F1B7CD /* Resources */,
			);
			buildRules = (
			);
			dependencies = (
			);
			name = CalenderExample;
			productName = CalenderExample;
			productReference = 9DBBC7B52B7F0CF400F1B7CD /* CalenderExample.app */;
			productType = "com.apple.product-type.application";
		};
/* End PBXNativeTarget section */

/* Begin PBXProject section */
		9DBBC7AD2B7F0CF400F1B7CD /* Project object */ = {
			isa = PBXProject;
			attributes = {
				BuildIndependentTargetsInParallel = 1;
				LastSwiftUpdateCheck = 1520;
				LastUpgradeCheck = 1520;
				TargetAttributes = {
					9DBBC7B42B7F0CF400F1B7CD = {
						CreatedOnToolsVersion = 15.2;
					};
				};
			};
			buildConfigurationList = 9DBBC7B02B7F0CF400F1B7CD /* Build configuration list for PBXProject "CalenderExample" */;
			compatibilityVersion = "Xcode 14.0";
			developmentRegion = en;
			hasScannedForEncodings = 0;
			knownRegions = (
				en,
				Base,
			);
			mainGroup = 9DBBC7AC2B7F0CF400F1B7CD;
			productRefGroup = 9DBBC7B62B7F0CF400F1B7CD /* Products */;
			projectDirPath = "";
			projectRoot = "";
			targets = (
				9DBBC7B42B7F0CF400F1B7CD /* CalenderExample */,
			);
		};
/* End PBXProject section */

/* Begin PBXResourcesBuildPhase section */
		9DBBC7B32B7F0CF400F1B7CD /* Resources */ = {
			isa = PBXResourcesBuildPhase;
			buildActionMask = 2147483647;
			files = (
				9DBBC7C02B7F0CF500F1B7CD /* Preview Assets.xcassets in Resources */,
				9DBBC7BD2B7F0CF500F1B7CD /* Assets.xcassets in Resources */,
			);
			runOnlyForDeploymentPostprocessing = 0;
		};
/* End PBXResourcesBuildPhase section */

/* Begin PBXSourcesBuildPhase section */
		9DBBC7B12B7F0CF400F1B7CD /* Sources */ = {
			isa = PBXSourcesBuildPhase;
			buildActionMask = 2147483647;
			files = (
				9DBBC7BB2B7F0CF400F1B7CD /* ContentView.swift in Sources */,
				9DBBC7B92B7F0CF400F1B7CD /* CalenderExampleApp.swift in Sources */,
				9D8F0FDF2B8050B800426CC3 /* DaysEventsListView.swift in Sources */,
				9DBBC7D42B7F15D200F1B7CD /* EventFormType.swift in Sources */,
				9DBBC7CA2B7F0DED00F1B7CD /* EventStore.swift in Sources */,
				9DBBC7CE2B7F14C200F1B7CD /* EventsListView.swift in Sources */,
				9D8F0FDD2B804A2F00426CC3 /* CalendarView.swift in Sources */,
				9DBBC7D12B7F154D00F1B7CD /* EventsCalendarView.swift in Sources */,
				9D8F0FE12B80697900426CC3 /* EventStoreExtensions.swift in Sources */,
				9DBBC7D62B7F15E700F1B7CD /* EventFormViewModel.swift in Sources */,
				9DBBC7D82B7F162300F1B7CD /* EventFormView.swift in Sources */,
			);
			runOnlyForDeploymentPostprocessing = 0;
		};
/* End PBXSourcesBuildPhase section */

/* Begin XCBuildConfiguration section */
		9DBBC7C12B7F0CF500F1B7CD /* Debug */ = {
			isa = XCBuildConfiguration;
			buildSettings = {
				ALWAYS_SEARCH_USER_PATHS = NO;
				ASSETCATALOG_COMPILER_GENERATE_SWIFT_ASSET_SYMBOL_EXTENSIONS = YES;
				CLANG_ANALYZER_NONNULL = YES;
				CLANG_ANALYZER_NUMBER_OBJECT_CONVERSION = YES_AGGRESSIVE;
				CLANG_CXX_LANGUAGE_STANDARD = "gnu++20";
				CLANG_ENABLE_MODULES = YES;
				CLANG_ENABLE_OBJC_ARC = YES;
				CLANG_ENABLE_OBJC_WEAK = YES;
				CLANG_WARN_BLOCK_CAPTURE_AUTORELEASING = YES;
				CLANG_WARN_BOOL_CONVERSION = YES;
				CLANG_WARN_COMMA = YES;
				CLANG_WARN_CONSTANT_CONVERSION = YES;
				CLANG_WARN_DEPRECATED_OBJC_IMPLEMENTATIONS = YES;
				CLANG_WARN_DIRECT_OBJC_ISA_USAGE = YES_ERROR;
				CLANG_WARN_DOCUMENTATION_COMMENTS = YES;
				CLANG_WARN_EMPTY_BODY = YES;
				CLANG_WARN_ENUM_CONVERSION = YES;
				CLANG_WARN_INFINITE_RECURSION = YES;
				CLANG_WARN_INT_CONVERSION = YES;
				CLANG_WARN_NON_LITERAL_NULL_CONVERSION = YES;
				CLANG_WARN_OBJC_IMPLICIT_RETAIN_SELF = YES;
				CLANG_WARN_OBJC_LITERAL_CONVERSION = YES;
				CLANG_WARN_OBJC_ROOT_CLASS = YES_ERROR;
				CLANG_WARN_QUOTED_INCLUDE_IN_FRAMEWORK_HEADER = YES;
				CLANG_WARN_RANGE_LOOP_ANALYSIS = YES;
				CLANG_WARN_STRICT_PROTOTYPES = YES;
				CLANG_WARN_SUSPICIOUS_MOVE = YES;
				CLANG_WARN_UNGUARDED_AVAILABILITY = YES_AGGRESSIVE;
				CLANG_WARN_UNREACHABLE_CODE = YES;
				CLANG_WARN__DUPLICATE_METHOD_MATCH = YES;
				COPY_PHASE_STRIP = NO;
				DEBUG_INFORMATION_FORMAT = dwarf;
				ENABLE_STRICT_OBJC_MSGSEND = YES;
				ENABLE_TESTABILITY = YES;
				ENABLE_USER_SCRIPT_SANDBOXING = YES;
				GCC_C_LANGUAGE_STANDARD = gnu17;
				GCC_DYNAMIC_NO_PIC = NO;
				GCC_NO_COMMON_BLOCKS = YES;
				GCC_OPTIMIZATION_LEVEL = 0;
				GCC_PREPROCESSOR_DEFINITIONS = (
					"DEBUG=1",
					"$(inherited)",
				);
				GCC_WARN_64_TO_32_BIT_CONVERSION = YES;
				GCC_WARN_ABOUT_RETURN_TYPE = YES_ERROR;
				GCC_WARN_UNDECLARED_SELECTOR = YES;
				GCC_WARN_UNINITIALIZED_AUTOS = YES_AGGRESSIVE;
				GCC_WARN_UNUSED_FUNCTION = YES;
				GCC_WARN_UNUSED_VARIABLE = YES;
				IPHONEOS_DEPLOYMENT_TARGET = 16.0;
				LOCALIZATION_PREFERS_STRING_CATALOGS = YES;
				MTL_ENABLE_DEBUG_INFO = INCLUDE_SOURCE;
				MTL_FAST_MATH = YES;
				ONLY_ACTIVE_ARCH = YES;
				SDKROOT = iphoneos;
				SWIFT_ACTIVE_COMPILATION_CONDITIONS = "DEBUG $(inherited)";
				SWIFT_OPTIMIZATION_LEVEL = "-Onone";
			};
			name = Debug;
		};
		9DBBC7C22B7F0CF500F1B7CD /* Release */ = {
			isa = XCBuildConfiguration;
			buildSettings = {
				ALWAYS_SEARCH_USER_PATHS = NO;
				ASSETCATALOG_COMPILER_GENERATE_SWIFT_ASSET_SYMBOL_EXTENSIONS = YES;
				CLANG_ANALYZER_NONNULL = YES;
				CLANG_ANALYZER_NUMBER_OBJECT_CONVERSION = YES_AGGRESSIVE;
				CLANG_CXX_LANGUAGE_STANDARD = "gnu++20";
				CLANG_ENABLE_MODULES = YES;
				CLANG_ENABLE_OBJC_ARC = YES;
				CLANG_ENABLE_OBJC_WEAK = YES;
				CLANG_WARN_BLOCK_CAPTURE_AUTORELEASING = YES;
				CLANG_WARN_BOOL_CONVERSION = YES;
				CLANG_WARN_COMMA = YES;
				CLANG_WARN_CONSTANT_CONVERSION = YES;
				CLANG_WARN_DEPRECATED_OBJC_IMPLEMENTATIONS = YES;
				CLANG_WARN_DIRECT_OBJC_ISA_USAGE = YES_ERROR;
				CLANG_WARN_DOCUMENTATION_COMMENTS = YES;
				CLANG_WARN_EMPTY_BODY = YES;
				CLANG_WARN_ENUM_CONVERSION = YES;
				CLANG_WARN_INFINITE_RECURSION = YES;
				CLANG_WARN_INT_CONVERSION = YES;
				CLANG_WARN_NON_LITERAL_NULL_CONVERSION = YES;
				CLANG_WARN_OBJC_IMPLICIT_RETAIN_SELF = YES;
				CLANG_WARN_OBJC_LITERAL_CONVERSION = YES;
				CLANG_WARN_OBJC_ROOT_CLASS = YES_ERROR;
				CLANG_WARN_QUOTED_INCLUDE_IN_FRAMEWORK_HEADER = YES;
				CLANG_WARN_RANGE_LOOP_ANALYSIS = YES;
				CLANG_WARN_STRICT_PROTOTYPES = YES;
				CLANG_WARN_SUSPICIOUS_MOVE = YES;
				CLANG_WARN_UNGUARDED_AVAILABILITY = YES_AGGRESSIVE;
				CLANG_WARN_UNREACHABLE_CODE = YES;
				CLANG_WARN__DUPLICATE_METHOD_MATCH = YES;
				COPY_PHASE_STRIP = NO;
				DEBUG_INFORMATION_FORMAT = "dwarf-with-dsym";
				ENABLE_NS_ASSERTIONS = NO;
				ENABLE_STRICT_OBJC_MSGSEND = YES;
				ENABLE_USER_SCRIPT_SANDBOXING = YES;
				GCC_C_LANGUAGE_STANDARD = gnu17;
				GCC_NO_COMMON_BLOCKS = YES;
				GCC_WARN_64_TO_32_BIT_CONVERSION = YES;
				GCC_WARN_ABOUT_RETURN_TYPE = YES_ERROR;
				GCC_WARN_UNDECLARED_SELECTOR = YES;
				GCC_WARN_UNINITIALIZED_AUTOS = YES_AGGRESSIVE;
				GCC_WARN_UNUSED_FUNCTION = YES;
				GCC_WARN_UNUSED_VARIABLE = YES;
				IPHONEOS_DEPLOYMENT_TARGET = 16.0;
				LOCALIZATION_PREFERS_STRING_CATALOGS = YES;
				MTL_ENABLE_DEBUG_INFO = NO;
				MTL_FAST_MATH = YES;
				SDKROOT = iphoneos;
				SWIFT_COMPILATION_MODE = wholemodule;
				VALIDATE_PRODUCT = YES;
			};
			name = Release;
		};
		9DBBC7C42B7F0CF500F1B7CD /* Debug */ = {
			isa = XCBuildConfiguration;
			buildSettings = {
				ASSETCATALOG_COMPILER_APPICON_NAME = AppIcon;
				ASSETCATALOG_COMPILER_GLOBAL_ACCENT_COLOR_NAME = AccentColor;
				CODE_SIGN_STYLE = Automatic;
				CURRENT_PROJECT_VERSION = 1;
				DEVELOPMENT_ASSET_PATHS = "\"CalenderExample/MainResources/Preview Content\"";
				ENABLE_PREVIEWS = YES;
				GENERATE_INFOPLIST_FILE = YES;
				INFOPLIST_KEY_UIApplicationSceneManifest_Generation = YES;
				INFOPLIST_KEY_UIApplicationSupportsIndirectInputEvents = YES;
				INFOPLIST_KEY_UILaunchScreen_Generation = YES;
				INFOPLIST_KEY_UISupportedInterfaceOrientations_iPad = "UIInterfaceOrientationPortrait UIInterfaceOrientationPortraitUpsideDown UIInterfaceOrientationLandscapeLeft UIInterfaceOrientationLandscapeRight";
				INFOPLIST_KEY_UISupportedInterfaceOrientations_iPhone = "UIInterfaceOrientationPortrait UIInterfaceOrientationLandscapeLeft UIInterfaceOrientationLandscapeRight";
				IPHONEOS_DEPLOYMENT_TARGET = 16.0;
				LD_RUNPATH_SEARCH_PATHS = (
					"$(inherited)",
					"@executable_path/Frameworks",
				);
				MARKETING_VERSION = 1.0;
				PRODUCT_BUNDLE_IDENTIFIER = com.maheshwaran.CalenderExample;
				PRODUCT_NAME = "$(TARGET_NAME)";
				SWIFT_EMIT_LOC_STRINGS = YES;
				SWIFT_VERSION = 5.0;
				TARGETED_DEVICE_FAMILY = "1,2";
			};
			name = Debug;
		};
		9DBBC7C52B7F0CF500F1B7CD /* Release */ = {
			isa = XCBuildConfiguration;
			buildSettings = {
				ASSETCATALOG_COMPILER_APPICON_NAME = AppIcon;
				ASSETCATALOG_COMPILER_GLOBAL_ACCENT_COLOR_NAME = AccentColor;
				CODE_SIGN_STYLE = Automatic;
				CURRENT_PROJECT_VERSION = 1;
				DEVELOPMENT_ASSET_PATHS = "\"CalenderExample/MainResources/Preview Content\"";
				ENABLE_PREVIEWS = YES;
				GENERATE_INFOPLIST_FILE = YES;
				INFOPLIST_KEY_UIApplicationSceneManifest_Generation = YES;
				INFOPLIST_KEY_UIApplicationSupportsIndirectInputEvents = YES;
				INFOPLIST_KEY_UILaunchScreen_Generation = YES;
				INFOPLIST_KEY_UISupportedInterfaceOrientations_iPad = "UIInterfaceOrientationPortrait UIInterfaceOrientationPortraitUpsideDown UIInterfaceOrientationLandscapeLeft UIInterfaceOrientationLandscapeRight";
				INFOPLIST_KEY_UISupportedInterfaceOrientations_iPhone = "UIInterfaceOrientationPortrait UIInterfaceOrientationLandscapeLeft UIInterfaceOrientationLandscapeRight";
				IPHONEOS_DEPLOYMENT_TARGET = 16.0;
				LD_RUNPATH_SEARCH_PATHS = (
					"$(inherited)",
					"@executable_path/Frameworks",
				);
				MARKETING_VERSION = 1.0;
				PRODUCT_BUNDLE_IDENTIFIER = com.maheshwaran.CalenderExample;
				PRODUCT_NAME = "$(TARGET_NAME)";
				SWIFT_EMIT_LOC_STRINGS = YES;
				SWIFT_VERSION = 5.0;
				TARGETED_DEVICE_FAMILY = "1,2";
			};
			name = Release;
		};
/* End XCBuildConfiguration section */

/* Begin XCConfigurationList section */
		9DBBC7B02B7F0CF400F1B7CD /* Build configuration list for PBXProject "CalenderExample" */ = {
			isa = XCConfigurationList;
			buildConfigurations = (
				9DBBC7C12B7F0CF500F1B7CD /* Debug */,
				9DBBC7C22B7F0CF500F1B7CD /* Release */,
			);
			defaultConfigurationIsVisible = 0;
			defaultConfigurationName = Release;
		};
		9DBBC7C32B7F0CF500F1B7CD /* Build configuration list for PBXNativeTarget "CalenderExample" */ = {
			isa = XCConfigurationList;
			buildConfigurations = (
				9DBBC7C42B7F0CF500F1B7CD /* Debug */,
				9DBBC7C52B7F0CF500F1B7CD /* Release */,
			);
			defaultConfigurationIsVisible = 0;
			defaultConfigurationName = Release;
		};
/* End XCConfigurationList section */
	};
	rootObject = 9DBBC7AD2B7F0CF400F1B7CD /* Project object */;
}
